<?xml version="1.0" encoding="utf-8"?>
<Project ToolsVersion="4.0" xmlns="http://schemas.microsoft.com/developer/msbuild/2003">
  <ItemGroup>
    <ClCompile Include="main.cpp" />
    <ClCompile Include="engine\input-device.cpp" />
    <ClCompile Include="engine\devices\keyboard-device.cpp" />
    <ClCompile Include="engine\input-manager.cpp" />
    <ClCompile Include="engine\devices\mouse-device.cpp" />
    <ClCompile Include="engine\devices\gamepad-device.cpp" />
  </ItemGroup>
  <ItemGroup>
    <ClInclude Include="common.h" />
    <ClInclude Include="engine\input-device.h" />
    <ClInclude Include="engine\devices\keyboard-device.h" />
    <ClInclude Include="engine\input-manager.h" />
    <ClInclude Include="engine\devices\mouse-device.h" />
    <ClInclude Include="engine\devices\gamepad-device.h" />
  </ItemGroup>
</Project>